
Microsoft Visual Studio Solution File, Format Version 12.00
# Visual Studio 15
VisualStudioVersion = 15.0.26730.15
MinimumVisualStudioVersion = 10.0.40219.1
Project("{FAE04EC0-301F-11D3-BF4B-00C04F79EFBC}") = "akrepaçı", "akrepaçı\akrepaçı.csproj", "{01155E0C-6FFF-4E66-8181-FE1E671B7F0E}"
EndProject
Global
	GlobalSection(SolutionConfigurationPlatforms) = preSolution
		Debug|Any CPU = Debug|Any CPU
		Release|Any CPU = Release|Any CPU
	EndGlobalSection
	GlobalSection(ProjectConfigurationPlatforms) = postSolution
		{01155E0C-6FFF-4E66-8181-FE1E671B7F0E}.Debug|Any CPU.ActiveCfg = Debug|Any CPU
		{01155E0C-6FFF-4E66-8181-FE1E671B7F0E}.Debug|Any CPU.Build.0 = Debug|Any CPU
		{01155E0C-6FFF-4E66-8181-FE1E671B7F0E}.Release|Any CPU.ActiveCfg = Release|Any CPU
		{01155E0C-6FFF-4E66-8181-FE1E671B7F0E}.Release|Any CPU.Build.0 = Release|Any CPU
	EndGlobalSection
	GlobalSection(SolutionProperties) = preSolution
		HideSolutionNode = FALSE
	EndGlobalSection
	GlobalSection(ExtensibilityGlobals) = postSolution
		SolutionGuid = {63CB3BCE-CDDE-49E5-9F6E-75AB743B68C2}
	EndGlobalSection
EndGlobal
